# @generated - this file is auto-generated by `mise lock` https://mise.jdx.dev/dev-tools/mise-lock.html

lockfile_version = 1

[[tools."aqua:XcodesOrg/xcodes"]]
version = "1.6.2"
backend = "aqua:XcodesOrg/xcodes"
specifiers = ["1.6.2"]

[tools."aqua:XcodesOrg/xcodes"."platforms.macos-arm64"]
checksum = "sha256:32819bc113e7c9bd8f80be7763d91238b199d589c777a0e88652d7fb9d30e707"
url = "https://github.com/XcodesOrg/xcodes/releases/download/1.6.2/xcodes.zip"
url_api = "https://api.github.com/repos/XcodesOrg/xcodes/releases/assets/262805225"

[tools."aqua:XcodesOrg/xcodes"."platforms.macos-x64"]
checksum = "sha256:32819bc113e7c9bd8f80be7763d91238b199d589c777a0e88652d7fb9d30e707"
url = "https://github.com/XcodesOrg/xcodes/releases/download/1.6.2/xcodes.zip"
url_api = "https://api.github.com/repos/XcodesOrg/xcodes/releases/assets/262805225"

[[tools."aqua:apple/pkl"]]
version = "0.30.2"
backend = "aqua:apple/pkl"
specifiers = ["0.30.2"]

[tools."aqua:apple/pkl"."platforms.linux-arm64"]
checksum = "sha256:8da3ae65104eb7058e35dc4a9fe46bd8ece2b6faf4b65d0b1054cadb2ede0246"
url = "https://github.com/apple/pkl/releases/download/0.30.2/pkl-linux-aarch64"
url_api = "https://api.github.com/repos/apple/pkl/releases/assets/329030476"

[tools."aqua:apple/pkl"."platforms.linux-arm64-musl"]
checksum = "sha256:8da3ae65104eb7058e35dc4a9fe46bd8ece2b6faf4b65d0b1054cadb2ede0246"
url = "https://github.com/apple/pkl/releases/download/0.30.2/pkl-linux-aarch64"
url_api = "https://api.github.com/repos/apple/pkl/releases/assets/329030476"

[tools."aqua:apple/pkl"."platforms.linux-x64"]
checksum = "sha256:474e5137d60a9e2320fde19a526f42c36d8e9d3b245139d59a9b8dff85283c76"
url = "https://github.com/apple/pkl/releases/download/0.30.2/pkl-linux-amd64"
url_api = "https://api.github.com/repos/apple/pkl/releases/assets/329030477"

[tools."aqua:apple/pkl"."platforms.linux-x64-musl"]
checksum = "sha256:474e5137d60a9e2320fde19a526f42c36d8e9d3b245139d59a9b8dff85283c76"
url = "https://github.com/apple/pkl/releases/download/0.30.2/pkl-linux-amd64"
url_api = "https://api.github.com/repos/apple/pkl/releases/assets/329030477"

[tools."aqua:apple/pkl"."platforms.macos-arm64"]
checksum = "sha256:f1db44c0f6f859aee88c9d7d272f2371ae40ac95ec9957ae78eff51665158e04"
url = "https://github.com/apple/pkl/releases/download/0.30.2/pkl-macos-aarch64"
url_api = "https://api.github.com/repos/apple/pkl/releases/assets/329030478"

[tools."aqua:apple/pkl"."platforms.macos-x64"]
checksum = "sha256:5f62ae7a7a34c15b3a83af17bda8e6b98516953f383a492340d4aa090caaa6d9"
url = "https://github.com/apple/pkl/releases/download/0.30.2/pkl-macos-amd64"
url_api = "https://api.github.com/repos/apple/pkl/releases/assets/329030480"

[tools."aqua:apple/pkl"."platforms.windows-x64"]
checksum = "sha256:19e92aa59bcf4e54963b6e3b419af7e1b939f5793b44f4a08d60bab1217106f4"
url = "https://github.com/apple/pkl/releases/download/0.30.2/pkl-windows-amd64.exe"
url_api = "https://api.github.com/repos/apple/pkl/releases/assets/329030488"

[[tools."aqua:dprint/dprint"]]
version = "0.53.2"
backend = "aqua:dprint/dprint"
specifiers = ["0.53.2"]

[tools."aqua:dprint/dprint"."platforms.linux-arm64"]
checksum = "sha256:490b620a386497b09ce25cc92c4cb784dfdb9d15448db972b164721d6f795ddd"
url = "https://github.com/dprint/dprint/releases/download/0.53.2/dprint-aarch64-unknown-linux-gnu.zip"
url_api = "https://api.github.com/repos/dprint/dprint/releases/assets/386379926"

[tools."aqua:dprint/dprint"."platforms.linux-arm64-musl"]
checksum = "sha256:c3843a4604dac7428f41f762c4c352e409c63bd634172765bbac482dc59773ba"
url = "https://github.com/dprint/dprint/releases/download/0.53.2/dprint-aarch64-unknown-linux-musl.zip"
url_api = "https://api.github.com/repos/dprint/dprint/releases/assets/386379923"

[tools."aqua:dprint/dprint"."platforms.linux-x64"]
checksum = "sha256:dcb73c6890c80dff15d5c91f7e01c09a5eb6e4c96373525765d08a60f02e4598"
url = "https://github.com/dprint/dprint/releases/download/0.53.2/dprint-x86_64-unknown-linux-gnu.zip"
url_api = "https://api.github.com/repos/dprint/dprint/releases/assets/386379930"

[tools."aqua:dprint/dprint"."platforms.linux-x64-musl"]
checksum = "sha256:7ff2cf9b25c687bd59867528ae9a5526c17e75e82e9788bf1f84a0e3ca7163b6"
url = "https://github.com/dprint/dprint/releases/download/0.53.2/dprint-x86_64-unknown-linux-musl.zip"
url_api = "https://api.github.com/repos/dprint/dprint/releases/assets/386379927"

[tools."aqua:dprint/dprint"."platforms.macos-arm64"]
checksum = "sha256:a185ba53f74e1e3a8ccdaf03a5d6f96b67d3fdf3f86d0d0f98950d15817eb0c4"
url = "https://github.com/dprint/dprint/releases/download/0.53.2/dprint-aarch64-apple-darwin.zip"
url_api = "https://api.github.com/repos/dprint/dprint/releases/assets/386379921"

[tools."aqua:dprint/dprint"."platforms.macos-x64"]
checksum = "sha256:902a9cff86a0ce643d5f1bb53e3e2434096511542363924e18016ee7bedb769f"
url = "https://github.com/dprint/dprint/releases/download/0.53.2/dprint-x86_64-apple-darwin.zip"
url_api = "https://api.github.com/repos/dprint/dprint/releases/assets/386379925"

[tools."aqua:dprint/dprint"."platforms.windows-x64"]
checksum = "sha256:f18910879d6796b05b0666513391ab7963b346723c041dc4d777d3f43179e416"
url = "https://github.com/dprint/dprint/releases/download/0.53.2/dprint-x86_64-pc-windows-msvc.zip"
url_api = "https://api.github.com/repos/dprint/dprint/releases/assets/386379920"

[[tools."aqua:facebook/ktfmt"]]
version = "0.62"
backend = "aqua:facebook/ktfmt"
specifiers = ["0.62"]

[tools."aqua:facebook/ktfmt"."platforms.linux-arm64"]
checksum = "sha256:f39bf9a1f520d27f86f2bdf4d6dbb2574c05e84f656171ed65c4e534b86b9965"
url = "https://github.com/Kotlin/ktfmt/releases/download/v0.62/ktfmt-0.62-with-dependencies.jar"
url_api = "https://api.github.com/repos/Kotlin/ktfmt/releases/assets/375830158"

[tools."aqua:facebook/ktfmt"."platforms.linux-arm64-musl"]
checksum = "sha256:f39bf9a1f520d27f86f2bdf4d6dbb2574c05e84f656171ed65c4e534b86b9965"
url = "https://github.com/Kotlin/ktfmt/releases/download/v0.62/ktfmt-0.62-with-dependencies.jar"
url_api = "https://api.github.com/repos/Kotlin/ktfmt/releases/assets/375830158"

[tools."aqua:facebook/ktfmt"."platforms.linux-x64"]
checksum = "sha256:f39bf9a1f520d27f86f2bdf4d6dbb2574c05e84f656171ed65c4e534b86b9965"
url = "https://github.com/Kotlin/ktfmt/releases/download/v0.62/ktfmt-0.62-with-dependencies.jar"
url_api = "https://api.github.com/repos/Kotlin/ktfmt/releases/assets/375830158"

[tools."aqua:facebook/ktfmt"."platforms.linux-x64-musl"]
checksum = "sha256:f39bf9a1f520d27f86f2bdf4d6dbb2574c05e84f656171ed65c4e534b86b9965"
url = "https://github.com/Kotlin/ktfmt/releases/download/v0.62/ktfmt-0.62-with-dependencies.jar"
url_api = "https://api.github.com/repos/Kotlin/ktfmt/releases/assets/375830158"

[tools."aqua:facebook/ktfmt"."platforms.macos-arm64"]
checksum = "sha256:f39bf9a1f520d27f86f2bdf4d6dbb2574c05e84f656171ed65c4e534b86b9965"
url = "https://github.com/Kotlin/ktfmt/releases/download/v0.62/ktfmt-0.62-with-dependencies.jar"
url_api = "https://api.github.com/repos/Kotlin/ktfmt/releases/assets/375830158"

[tools."aqua:facebook/ktfmt"."platforms.macos-x64"]
checksum = "sha256:f39bf9a1f520d27f86f2bdf4d6dbb2574c05e84f656171ed65c4e534b86b9965"
url = "https://github.com/Kotlin/ktfmt/releases/download/v0.62/ktfmt-0.62-with-dependencies.jar"
url_api = "https://api.github.com/repos/Kotlin/ktfmt/releases/assets/375830158"

[tools."aqua:facebook/ktfmt"."platforms.windows-x64"]
checksum = "sha256:f39bf9a1f520d27f86f2bdf4d6dbb2574c05e84f656171ed65c4e534b86b9965"
url = "https://github.com/Kotlin/ktfmt/releases/download/v0.62/ktfmt-0.62-with-dependencies.jar"
url_api = "https://api.github.com/repos/Kotlin/ktfmt/releases/assets/375830158"

[[tools."aqua:git-lfs/git-lfs"]]
version = "3.7.1"
backend = "aqua:git-lfs/git-lfs"
specifiers = ["3.7.1"]

[tools."aqua:git-lfs/git-lfs"."platforms.linux-arm64"]
checksum = "sha256:73a9c90eeb4312133a63c3eaee0c38c019ea7bfa0953d174809d25b18588dd8d"
url = "https://github.com/git-lfs/git-lfs/releases/download/v3.7.1/git-lfs-linux-arm64-v3.7.1.tar.gz"
url_api = "https://api.github.com/repos/git-lfs/git-lfs/releases/assets/305262644"

[tools."aqua:git-lfs/git-lfs"."platforms.linux-arm64-musl"]
checksum = "sha256:73a9c90eeb4312133a63c3eaee0c38c019ea7bfa0953d174809d25b18588dd8d"
url = "https://github.com/git-lfs/git-lfs/releases/download/v3.7.1/git-lfs-linux-arm64-v3.7.1.tar.gz"
url_api = "https://api.github.com/repos/git-lfs/git-lfs/releases/assets/305262644"

[tools."aqua:git-lfs/git-lfs"."platforms.linux-x64"]
checksum = "sha256:1c0b6ee5200ca708c5cebebb18fdeb0e1c98f1af5c1a9cba205a4c0ab5a5ec08"
url = "https://github.com/git-lfs/git-lfs/releases/download/v3.7.1/git-lfs-linux-amd64-v3.7.1.tar.gz"
url_api = "https://api.github.com/repos/git-lfs/git-lfs/releases/assets/305262626"

[tools."aqua:git-lfs/git-lfs"."platforms.linux-x64-musl"]
checksum = "sha256:1c0b6ee5200ca708c5cebebb18fdeb0e1c98f1af5c1a9cba205a4c0ab5a5ec08"
url = "https://github.com/git-lfs/git-lfs/releases/download/v3.7.1/git-lfs-linux-amd64-v3.7.1.tar.gz"
url_api = "https://api.github.com/repos/git-lfs/git-lfs/releases/assets/305262626"

[tools."aqua:git-lfs/git-lfs"."platforms.macos-arm64"]
checksum = "sha256:76260fb34f4ee622ff0a66b857e5954aa49c7e343a92e57a1ec4a760618c94b2"
url = "https://github.com/git-lfs/git-lfs/releases/download/v3.7.1/git-lfs-darwin-arm64-v3.7.1.zip"
url_api = "https://api.github.com/repos/git-lfs/git-lfs/releases/assets/305262593"

[tools."aqua:git-lfs/git-lfs"."platforms.macos-x64"]
checksum = "sha256:b5b1b641c0648c83661fa9eda991cd3eff945264dabc2cdf411a80dfe7ec0970"
url = "https://github.com/git-lfs/git-lfs/releases/download/v3.7.1/git-lfs-darwin-amd64-v3.7.1.zip"
url_api = "https://api.github.com/repos/git-lfs/git-lfs/releases/assets/305262587"

[tools."aqua:git-lfs/git-lfs"."platforms.windows-x64"]
checksum = "sha256:8683cdc3d6c029b49393dcebbaa6265bd6efd9abdcf837be855b4cd42e5e80b6"
url = "https://github.com/git-lfs/git-lfs/releases/download/v3.7.1/git-lfs-windows-amd64-v3.7.1.zip"
url_api = "https://api.github.com/repos/git-lfs/git-lfs/releases/assets/305262684"

[[tools."aqua:jdx/hk"]]
version = "1.40.0"
backend = "aqua:jdx/hk"
specifiers = ["1.40.0"]

[tools."aqua:jdx/hk"."platforms.linux-arm64"]
checksum = "sha256:f6f4a0f9a55a51d8b98ae9fc0e3dff704ec9b4b842d4978dd433e6158c7d5d9f"
url = "https://github.com/jdx/hk/releases/download/v1.40.0/hk-aarch64-unknown-linux-gnu.tar.gz"
url_api = "https://api.github.com/repos/jdx/hk/releases/assets/386396569"

[tools."aqua:jdx/hk"."platforms.linux-x64"]
checksum = "sha256:5feb9eab6b8539aba09ed73eb49d4e01b3a56471172c14212d0b649ed2c16142"
url = "https://github.com/jdx/hk/releases/download/v1.40.0/hk-x86_64-unknown-linux-gnu.tar.gz"
url_api = "https://api.github.com/repos/jdx/hk/releases/assets/386396570"

[tools."aqua:jdx/hk"."platforms.macos-arm64"]
checksum = "sha256:7a6d77e41868a01edc8511e13235d6b8a9017975dba1f5383b12b7c33ca4278e"
url = "https://github.com/jdx/hk/releases/download/v1.40.0/hk-aarch64-apple-darwin.tar.gz"
url_api = "https://api.github.com/repos/jdx/hk/releases/assets/386396572"

[tools."aqua:jdx/hk"."platforms.windows-x64"]
checksum = "sha256:2d177c1ac965a7c7843c2849c0eb5fe5c3bb2a560a3c1b67afdb8a62b416d27a"
url = "https://github.com/jdx/hk/releases/download/v1.40.0/hk-x86_64-pc-windows-msvc.zip"
url_api = "https://api.github.com/repos/jdx/hk/releases/assets/386396571"

[[tools.java]]
version = "21.0.2"
backend = "core:java"
specifiers = ["21.0.2"]

[tools.java.options]
shorthand_vendor = "openjdk"

[tools.java."platforms.linux-arm64"]
checksum = "sha256:08db1392a48d4eb5ea5315cf8f18b89dbaf36cda663ba882cf03c704c9257ec2"
url = "https://download.java.net/java/GA/jdk21.0.2/f2283984656d49d69e91c558476027ac/13/GPL/openjdk-21.0.2_linux-aarch64_bin.tar.gz"

[tools.java."platforms.linux-x64"]
checksum = "sha256:a2def047a73941e01a73739f92755f86b895811afb1f91243db214cff5bdac3f"
url = "https://download.java.net/java/GA/jdk21.0.2/f2283984656d49d69e91c558476027ac/13/GPL/openjdk-21.0.2_linux-x64_bin.tar.gz"

[tools.java."platforms.macos-arm64"]
checksum = "sha256:b3d588e16ec1e0ef9805d8a696591bd518a5cea62567da8f53b5ce32d11d22e4"
url = "https://download.java.net/java/GA/jdk21.0.2/f2283984656d49d69e91c558476027ac/13/GPL/openjdk-21.0.2_macos-aarch64_bin.tar.gz"

[tools.java."platforms.macos-x64"]
checksum = "sha256:8fd09e15dc406387a0aba70bf5d99692874e999bf9cd9208b452b5d76ac922d3"
url = "https://download.java.net/java/GA/jdk21.0.2/f2283984656d49d69e91c558476027ac/13/GPL/openjdk-21.0.2_macos-x64_bin.tar.gz"

[tools.java."platforms.windows-x64"]
checksum = "sha256:b6c17e747ae78cdd6de4d7532b3164b277daee97c007d3eaa2b39cca99882664"
url = "https://download.java.net/java/GA/jdk21.0.2/f2283984656d49d69e91c558476027ac/13/GPL/openjdk-21.0.2_windows-x64_bin.zip"

[[tools.node]]
version = "24.19.0"
backend = "core:node"
specifiers = ["24.19.0"]

[tools.node."platforms.linux-arm64"]
checksum = "sha256:d28c8a5bf0a808f0ed434a1dce8c54ae98f0371c0bd86ac58abc613f73e6643f"
url = "https://nodejs.org/dist/v24.19.0/node-v24.19.0-linux-arm64.tar.gz"

[tools.node."platforms.linux-arm64-musl"]
checksum = "sha256:20824e4d35948fae5b337dccef47813b04d8995312f59df7386f2256d9f9ab7e"
url = "https://unofficial-builds.nodejs.org/download/release/v24.19.0/node-v24.19.0-linux-arm64-musl.tar.gz"

[tools.node."platforms.linux-x64"]
checksum = "sha256:f625d97cd707df4ff96254916fbc5ff014f09c09effe5a1e0ca8f6d41a8789d4"
url = "https://nodejs.org/dist/v24.19.0/node-v24.19.0-linux-x64.tar.gz"

[tools.node."platforms.linux-x64-musl"]
checksum = "sha256:c60223786df14a5d23e220ebb8e60318f5322640a62f90e6d9e54d3a18da532e"
url = "https://unofficial-builds.nodejs.org/download/release/v24.19.0/node-v24.19.0-linux-x64-musl.tar.gz"

[tools.node."platforms.macos-arm64"]
checksum = "sha256:8294b7aa9b03997481c06babf1e8b270c859358f27da57a11509afe537ac381d"
url = "https://nodejs.org/dist/v24.19.0/node-v24.19.0-darwin-arm64.tar.gz"

[tools.node."platforms.macos-x64"]
checksum = "sha256:d1b5e999db158c62fe8f7267a4476b035d8bd93b1a605bac24a3f0dd166e3316"
url = "https://nodejs.org/dist/v24.19.0/node-v24.19.0-darwin-x64.tar.gz"

[tools.node."platforms.windows-x64"]
checksum = "sha256:57f71ab3652e797d84acddc79c81cc9ff1c6ddb2a1974cdb83f00fee9bff4c73"
url = "https://nodejs.org/dist/v24.19.0/node-v24.19.0-win-x64.zip"

[[tools."npm:actions-up"]]
version = "1.18.0"
backend = "npm:actions-up"
specifiers = ["1.18.0"]

[[tools.python]]
version = "3.14.7"
backend = "core:python"
specifiers = ["3.14"]

[tools.python."platforms.linux-arm64"]
checksum = "sha256:7f0b801b0ba2c74531cd2e66ee898569cdf1f323a24383576f2a6761001e01f1"
url = "https://github.com/astral-sh/python-build-standalone/releases/download/20260825/cpython-3.14.7+20260825-aarch64-unknown-linux-gnu-install_only_stripped.tar.gz"
provenance = "github-attestations"

[tools.python."platforms.linux-arm64-musl"]
checksum = "sha256:8f58d8a42e8c6af84d43ba1c9e74e56ce2354b66ec44721b289f5a6c57811fc2"
url = "https://github.com/astral-sh/python-build-standalone/releases/download/20260825/cpython-3.14.7+20260825-aarch64-unknown-linux-musl-install_only_stripped.tar.gz"
provenance = "github-attestations"

[tools.python."platforms.linux-x64"]
checksum = "sha256:a0f39e822fd3b96a2605f30f954acf9a2cdf91faa1385a13e24bc407a41e05ea"
url = "https://github.com/astral-sh/python-build-standalone/releases/download/20260825/cpython-3.14.7+20260825-x86_64-unknown-linux-gnu-install_only_stripped.tar.gz"
provenance = "github-attestations"

[tools.python."platforms.linux-x64-musl"]
checksum = "sha256:22374158b61f9415135614fb7ebdba498a84849921bb5ad025809e925d8bb428"
url = "https://github.com/astral-sh/python-build-standalone/releases/download/20260825/cpython-3.14.7+20260825-x86_64-unknown-linux-musl-install_only_stripped.tar.gz"
provenance = "github-attestations"

[tools.python."platforms.macos-arm64"]
checksum = "sha256:17ecb3d29c49765856370cbb47d948a24ec518be40f607362c1bbb3ebbc5c442"
url = "https://github.com/astral-sh/python-build-standalone/releases/download/20260825/cpython-3.14.7+20260825-aarch64-apple-darwin-install_only_stripped.tar.gz"
provenance = "github-attestations"

[tools.python."platforms.macos-x64"]
checksum = "sha256:1b1e977f6d4fb887c7fa662a8e33f18dfdc9b9cdfaf5cdb003f13b3317947848"
url = "https://github.com/astral-sh/python-build-standalone/releases/download/20260825/cpython-3.14.7+20260825-x86_64-apple-darwin-install_only_stripped.tar.gz"
provenance = "github-attestations"

[tools.python."platforms.windows-x64"]
checksum = "sha256:dec3faa3445d9efc4979e6c74a839be0d1039877367db32ee9c5f6bc91fae3c8"
url = "https://github.com/astral-sh/python-build-standalone/releases/download/20260825/cpython-3.14.7+20260825-x86_64-pc-windows-msvc-install_only_stripped.tar.gz"
provenance = "github-attestations"
